{
  "name": "renovate-js-test",
  "lockfileVersion": 2,
  "requires": true,
  "packages": {
    "": {
      "name": "renovate-js-test",
      "dependencies": {
        "@types/node": "14.0.0",
        "dotenv": "15.0.1"
      },
      "engines": {
        "node": "14"
      }
    },
    "node_modules/@types/node": {
      "version": "14.0.0",
      "resolved": "https://registry.npmjs.org/@types/node/-/node-14.0.0.tgz",
      "integrity": "sha512-BZHGudjgZ8cweaQC2Q7hKpZNT2sq//NNbc7KcuTdti10S/tKIXpqiAgzZZFdwm6uUdRE9jy6UYSESNvB5rmFgA=="
    },
    "node_modules/dotenv": {
      "version": "15.0.1",
      "resolved": "https://registry.npmjs.org/dotenv/-/dotenv-15.0.1.tgz",
      "integrity": "sha512-4OnbwRfzR+xQThp7uq1xpUS9fmgZ//njexOtPjPSbK3yHGrSHSJnaJRsXderSSm2elfvVj+Y5awDC0I8Oy8rkA==",
      "engines": {
        "node": ">=12"
      }
    }
  },
  "dependencies": {
    "@types/node": {
      "version": "14.0.0",
      "resolved": "https://registry.npmjs.org/@types/node/-/node-14.0.0.tgz",
      "integrity": "sha512-BZHGudjgZ8cweaQC2Q7hKpZNT2sq//NNbc7KcuTdti10S/tKIXpqiAgzZZFdwm6uUdRE9jy6UYSESNvB5rmFgA=="
    },
    "dotenv": {
      "version": "15.0.1",
      "resolved": "https://registry.npmjs.org/dotenv/-/dotenv-15.0.1.tgz",
      "integrity": "sha512-4OnbwRfzR+xQThp7uq1xpUS9fmgZ//njexOtPjPSbK3yHGrSHSJnaJRsXderSSm2elfvVj+Y5awDC0I8Oy8rkA=="
    }
  }
}
