{
  "name": "renovate-js-test",
  "lockfileVersion": 2,
  "requires": true,
  "packages": {
    "": {
      "name": "renovate-js-test",
      "dependencies": {
        "@types/node": "18.11.9",
        "dotenv": "15.0.0"
      },
      "engines": {
        "node": "18"
      }
    },
    "node_modules/@types/node": {
      "version": "18.11.9",
      "resolved": "https://registry.npmjs.org/@types/node/-/node-18.11.9.tgz",
      "integrity": "sha512-CRpX21/kGdzjOpFsZSkcrXMGIBWMGNIHXXBVFSH+ggkftxg+XYP20TESbh+zFvFj3EQOl5byk0HTRn1IL6hbqg=="
    },
    "node_modules/dotenv": {
      "version": "15.0.0",
      "resolved": "https://registry.npmjs.org/dotenv/-/dotenv-15.0.0.tgz",
      "integrity": "sha512-/l1sXXm79ry34KwwS0y4oVZjB468iw/6u9g1W26dtexKcIJAnVL2pMF+hxQwzZ7LutxOwEgtym9eIxvX33CMKg==",
      "engines": {
        "node": ">=12"
      }
    }
  },
  "dependencies": {
    "@types/node": {
      "version": "18.11.9",
      "resolved": "https://registry.npmjs.org/@types/node/-/node-18.11.9.tgz",
      "integrity": "sha512-CRpX21/kGdzjOpFsZSkcrXMGIBWMGNIHXXBVFSH+ggkftxg+XYP20TESbh+zFvFj3EQOl5byk0HTRn1IL6hbqg=="
    },
    "dotenv": {
      "version": "15.0.0",
      "resolved": "https://registry.npmjs.org/dotenv/-/dotenv-15.0.0.tgz",
      "integrity": "sha512-/l1sXXm79ry34KwwS0y4oVZjB468iw/6u9g1W26dtexKcIJAnVL2pMF+hxQwzZ7LutxOwEgtym9eIxvX33CMKg=="
    }
  }
}
